
Microsoft Visual Studio Solution File, Format Version 11.00
# Visual Studio 2010
Project("{8BC9CEB8-8B4A-11D0-8D11-00A0C91BC942}") = "多边形填充2", "多边形填充2\多边形填充2.vcxproj", "{8D141954-C20D-4D39-95EC-7F57CCDC7315}"
EndProject
Global
	GlobalSection(SolutionConfigurationPlatforms) = preSolution
		Debug|Win32 = Debug|Win32
		Release|Win32 = Release|Win32
	EndGlobalSection
	GlobalSection(ProjectConfigurationPlatforms) = postSolution
		{8D141954-C20D-4D39-95EC-7F57CCDC7315}.Debug|Win32.ActiveCfg = Debug|Win32
		{8D141954-C20D-4D39-95EC-7F57CCDC7315}.Debug|Win32.Build.0 = Debug|Win32
		{8D141954-C20D-4D39-95EC-7F57CCDC7315}.Release|Win32.ActiveCfg = Release|Win32
		{8D141954-C20D-4D39-95EC-7F57CCDC7315}.Release|Win32.Build.0 = Release|Win32
	EndGlobalSection
	GlobalSection(SolutionProperties) = preSolution
		HideSolutionNode = FALSE
	EndGlobalSection
EndGlobal
