
Microsoft Visual Studio Solution File, Format Version 12.00
# Visual Studio 15
Project("{FAE04EC0-301F-11D3-BF4B-00C04F79EFBC}") = "Assembly-CSharp", "Assembly-CSharp.csproj", "{07ABE9BC-F45C-E558-257C-8268B8DEDB87}"
EndProject
Project("{FAE04EC0-301F-11D3-BF4B-00C04F79EFBC}") = "Assembly-CSharp-firstpass", "Assembly-CSharp-firstpass.csproj", "{641669D5-FBBF-61C0-E685-F061136A4AE1}"
EndProject
Project("{FAE04EC0-301F-11D3-BF4B-00C04F79EFBC}") = "Assembly-CSharp-Editor", "Assembly-CSharp-Editor.csproj", "{9757E1D1-68B4-4041-8DA1-9883284FD06B}"
EndProject
Project("{FAE04EC0-301F-11D3-BF4B-00C04F79EFBC}") = "Assembly-CSharp-Editor-firstpass", "Assembly-CSharp-Editor-firstpass.csproj", "{A098D51F-FF6F-4029-63D4-BDCC98A5ACB4}"
EndProject
Global
	GlobalSection(SolutionConfigurationPlatforms) = preSolution
		Debug|Any CPU = Debug|Any CPU
		Release|Any CPU = Release|Any CPU
	EndGlobalSection
	GlobalSection(ProjectConfigurationPlatforms) = postSolution
		{07ABE9BC-F45C-E558-257C-8268B8DEDB87}.Debug|Any CPU.ActiveCfg = Debug|Any CPU
		{07ABE9BC-F45C-E558-257C-8268B8DEDB87}.Debug|Any CPU.Build.0 = Debug|Any CPU
		{07ABE9BC-F45C-E558-257C-8268B8DEDB87}.Release|Any CPU.ActiveCfg = Release|Any CPU
		{07ABE9BC-F45C-E558-257C-8268B8DEDB87}.Release|Any CPU.Build.0 = Release|Any CPU
		{641669D5-FBBF-61C0-E685-F061136A4AE1}.Debug|Any CPU.ActiveCfg = Debug|Any CPU
		{641669D5-FBBF-61C0-E685-F061136A4AE1}.Debug|Any CPU.Build.0 = Debug|Any CPU
		{641669D5-FBBF-61C0-E685-F061136A4AE1}.Release|Any CPU.ActiveCfg = Release|Any CPU
		{641669D5-FBBF-61C0-E685-F061136A4AE1}.Release|Any CPU.Build.0 = Release|Any CPU
		{9757E1D1-68B4-4041-8DA1-9883284FD06B}.Debug|Any CPU.ActiveCfg = Debug|Any CPU
		{9757E1D1-68B4-4041-8DA1-9883284FD06B}.Debug|Any CPU.Build.0 = Debug|Any CPU
		{9757E1D1-68B4-4041-8DA1-9883284FD06B}.Release|Any CPU.ActiveCfg = Release|Any CPU
		{9757E1D1-68B4-4041-8DA1-9883284FD06B}.Release|Any CPU.Build.0 = Release|Any CPU
		{A098D51F-FF6F-4029-63D4-BDCC98A5ACB4}.Debug|Any CPU.ActiveCfg = Debug|Any CPU
		{A098D51F-FF6F-4029-63D4-BDCC98A5ACB4}.Debug|Any CPU.Build.0 = Debug|Any CPU
		{A098D51F-FF6F-4029-63D4-BDCC98A5ACB4}.Release|Any CPU.ActiveCfg = Release|Any CPU
		{A098D51F-FF6F-4029-63D4-BDCC98A5ACB4}.Release|Any CPU.Build.0 = Release|Any CPU
	EndGlobalSection
	GlobalSection(SolutionProperties) = preSolution
		HideSolutionNode = FALSE
	EndGlobalSection
EndGlobal
